// !$*UTF8*$!
{
	archiveVersion = 1;
	classes = {
	};
	objectVersion = 56;
	objects = {

/* Begin PBXBuildFile section */
		F968D96929E1DF1600E869FF /* SampleProjectApp.swift in Sources */ = {isa = PBXBuildFile; fileRef = F968D96829E1DF1600E869FF /* SampleProjectApp.swift */; };
		F968D96B29E1DF1600E869FF /* ContentView.swift in Sources */ = {isa = PBXBuildFile; fileRef = F968D96A29E1DF1600E869FF /* ContentView.swift */; };
		F968D96D29E1DF1700E869FF /* Assets.xcassets in Resources */ = {isa = PBXBuildFile; fileRef = F968D96C29E1DF1700E869FF /* Assets.xcassets */; };
		F968D97029E1DF1700E869FF /* Preview Assets.xcassets in Resources */ = {isa = PBXBuildFile; fileRef = F968D96F29E1DF1700E869FF /* Preview Assets.xcassets */; };
		F968D97A29E1DF1700E869FF /* SampleProjectTests.swift in Sources */ = {isa = PBXBuildFile; fileRef = F968D97929E1DF1700E869FF /* SampleProjectTests.swift */; };
		F968D98429E1DF1700E869FF /* SampleProjectUITests.swift in Sources */ = {isa = PBXBuildFile; fileRef = F968D98329E1DF1700E869FF /* SampleProjectUITests.swift */; };
		F968D98629E1DF1700E869FF /* SampleProjectUITestsLaunchTests.swift in Sources */ = {isa = PBXBuildFile; fileRef = F968D98529E1DF1700E869FF /* SampleProjectUITestsLaunchTests.swift */; };
		F968D99329E1DF8F00E869FF /* DataModel.swift in Sources */ = {isa = PBXBuildFile; fileRef = F968D99229E1DF8F00E869FF /* DataModel.swift */; };
		F968D99529E1E1B400E869FF /* ViewModel.swift in Sources */ = {isa = PBXBuildFile; fileRef = F968D99429E1E1B400E869FF /* ViewModel.swift */; };
		F968D99729E1E25A00E869FF /* NetworkProvider.swift in Sources */ = {isa = PBXBuildFile; fileRef = F968D99629E1E25A00E869FF /* NetworkProvider.swift */; };
/* End PBXBuildFile section */

/* Begin PBXContainerItemProxy section */
		F968D97629E1DF1700E869FF /* PBXContainerItemProxy */ = {
			isa = PBXContainerItemProxy;
			containerPortal = F968D95D29E1DF1600E869FF /* Project object */;
			proxyType = 1;
			remoteGlobalIDString = F968D96429E1DF1600E869FF;
			remoteInfo = SampleProject;
		};
		F968D98029E1DF1700E869FF /* PBXContainerItemProxy */ = {
			isa = PBXContainerItemProxy;
			containerPortal = F968D95D29E1DF1600E869FF /* Project object */;
			proxyType = 1;
			remoteGlobalIDString = F968D96429E1DF1600E869FF;
			remoteInfo = SampleProject;
		};
/* End PBXContainerItemProxy section */

/* Begin PBXFileReference section */
		F968D96529E1DF1600E869FF /* SampleProject.app */ = {isa = PBXFileReference; explicitFileType = wrapper.application; includeInIndex = 0; path = SampleProject.app; sourceTree = BUILT_PRODUCTS_DIR; };
		F968D96829E1DF1600E869FF /* SampleProjectApp.swift */ = {isa = PBXFileReference; lastKnownFileType = sourcecode.swift; path = SampleProjectApp.swift; sourceTree = "<group>"; };
		F968D96A29E1DF1600E869FF /* ContentView.swift */ = {isa = PBXFileReference; lastKnownFileType = sourcecode.swift; path = ContentView.swift; sourceTree = "<group>"; };
		F968D96C29E1DF1700E869FF /* Assets.xcassets */ = {isa = PBXFileReference; lastKnownFileType = folder.assetcatalog; path = Assets.xcassets; sourceTree = "<group>"; };
		F968D96F29E1DF1700E869FF /* Preview Assets.xcassets */ = {isa = PBXFileReference; lastKnownFileType = folder.assetcatalog; path = "Preview Assets.xcassets"; sourceTree = "<group>"; };
		F968D97529E1DF1700E869FF /* SampleProjectTests.xctest */ = {isa = PBXFileReference; explicitFileType = wrapper.cfbundle; includeInIndex = 0; path = SampleProjectTests.xctest; sourceTree = BUILT_PRODUCTS_DIR; };
		F968D97929E1DF1700E869FF /* SampleProjectTests.swift */ = {isa = PBXFileReference; lastKnownFileType = sourcecode.swift; path = SampleProjectTests.swift; sourceTree = "<group>"; };
		F968D97F29E1DF1700E869FF /* SampleProjectUITests.xctest */ = {isa = PBXFileReference; explicitFileType = wrapper.cfbundle; includeInIndex = 0; path = SampleProjectUITests.xctest; sourceTree = BUILT_PRODUCTS_DIR; };
		F968D98329E1DF1700E869FF /* SampleProjectUITests.swift */ = {isa = PBXFileReference; lastKnownFileType = sourcecode.swift; path = SampleProjectUITests.swift; sourceTree = "<group>"; };
		F968D98529E1DF1700E869FF /* SampleProjectUITestsLaunchTests.swift */ = {isa = PBXFileReference; lastKnownFileType = sourcecode.swift; path = SampleProjectUITestsLaunchTests.swift; sourceTree = "<group>"; };
		F968D99229E1DF8F00E869FF /* DataModel.swift */ = {isa = PBXFileReference; lastKnownFileType = sourcecode.swift; path = DataModel.swift; sourceTree = "<group>"; };
		F968D99429E1E1B400E869FF /* ViewModel.swift */ = {isa = PBXFileReference; lastKnownFileType = sourcecode.swift; path = ViewModel.swift; sourceTree = "<group>"; };
		F968D99629E1E25A00E869FF /* NetworkProvider.swift */ = {isa = PBXFileReference; lastKnownFileType = sourcecode.swift; path = NetworkProvider.swift; sourceTree = "<group>"; };
/* End PBXFileReference section */

/* Begin PBXFrameworksBuildPhase section */
		F968D96229E1DF1600E869FF /* Frameworks */ = {
			isa = PBXFrameworksBuildPhase;
			buildActionMask = 2147483647;
			files = (
			);
			runOnlyForDeploymentPostprocessing = 0;
		};
		F968D97229E1DF1700E869FF /* Frameworks */ = {
			isa = PBXFrameworksBuildPhase;
			buildActionMask = 2147483647;
			files = (
			);
			runOnlyForDeploymentPostprocessing = 0;
		};
		F968D97C29E1DF1700E869FF /* Frameworks */ = {
			isa = PBXFrameworksBuildPhase;
			buildActionMask = 2147483647;
			files = (
			);
			runOnlyForDeploymentPostprocessing = 0;
		};
/* End PBXFrameworksBuildPhase section */

/* Begin PBXGroup section */
		F968D95C29E1DF1600E869FF = {
			isa = PBXGroup;
			children = (
				F968D96729E1DF1600E869FF /* SampleProject */,
				F968D97829E1DF1700E869FF /* SampleProjectTests */,
				F968D98229E1DF1700E869FF /* SampleProjectUITests */,
				F968D96629E1DF1600E869FF /* Products */,
			);
			sourceTree = "<group>";
		};
		F968D96629E1DF1600E869FF /* Products */ = {
			isa = PBXGroup;
			children = (
				F968D96529E1DF1600E869FF /* SampleProject.app */,
				F968D97529E1DF1700E869FF /* SampleProjectTests.xctest */,
				F968D97F29E1DF1700E869FF /* SampleProjectUITests.xctest */,
			);
			name = Products;
			sourceTree = "<group>";
		};
		F968D96729E1DF1600E869FF /* SampleProject */ = {
			isa = PBXGroup;
			children = (
				F968D99629E1E25A00E869FF /* NetworkProvider.swift */,
				F968D99229E1DF8F00E869FF /* DataModel.swift */,
				F968D99429E1E1B400E869FF /* ViewModel.swift */,
				F968D96829E1DF1600E869FF /* SampleProjectApp.swift */,
				F968D96A29E1DF1600E869FF /* ContentView.swift */,
				F968D96C29E1DF1700E869FF /* Assets.xcassets */,
				F968D96E29E1DF1700E869FF /* Preview Content */,
			);
			path = SampleProject;
			sourceTree = "<group>";
		};
		F968D96E29E1DF1700E869FF /* Preview Content */ = {
			isa = PBXGroup;
			children = (
				F968D96F29E1DF1700E869FF /* Preview Assets.xcassets */,
			);
			path = "Preview Content";
			sourceTree = "<group>";
		};
		F968D97829E1DF1700E869FF /* SampleProjectTests */ = {
			isa = PBXGroup;
			children = (
				F968D97929E1DF1700E869FF /* SampleProjectTests.swift */,
			);
			path = SampleProjectTests;
			sourceTree = "<group>";
		};
		F968D98229E1DF1700E869FF /* SampleProjectUITests */ = {
			isa = PBXGroup;
			children = (
				F968D98329E1DF1700E869FF /* SampleProjectUITests.swift */,
				F968D98529E1DF1700E869FF /* SampleProjectUITestsLaunchTests.swift */,
			);
			path = SampleProjectUITests;
			sourceTree = "<group>";
		};
/* End PBXGroup section */

/* Begin PBXNativeTarget section */
		F968D96429E1DF1600E869FF /* SampleProject */ = {
			isa = PBXNativeTarget;
			buildConfigurationList = F968D98929E1DF1700E869FF /* Build configuration list for PBXNativeTarget "SampleProject" */;
			buildPhases = (
				F968D96129E1DF1600E869FF /* Sources */,
				F968D96229E1DF1600E869FF /* Frameworks */,
				F968D96329E1DF1600E869FF /* Resources */,
			);
			buildRules = (
			);
			dependencies = (
			);
			name = SampleProject;
			productName = SampleProject;
			productReference = F968D96529E1DF1600E869FF /* SampleProject.app */;
			productType = "com.apple.product-type.application";
		};
		F968D97429E1DF1700E869FF /* SampleProjectTests */ = {
			isa = PBXNativeTarget;
			buildConfigurationList = F968D98C29E1DF1700E869FF /* Build configuration list for PBXNativeTarget "SampleProjectTests" */;
			buildPhases = (
				F968D97129E1DF1700E869FF /* Sources */,
				F968D97229E1DF1700E869FF /* Frameworks */,
				F968D97329E1DF1700E869FF /* Resources */,
			);
			buildRules = (
			);
			dependencies = (
				F968D97729E1DF1700E869FF /* PBXTargetDependency */,
			);
			name = SampleProjectTests;
			productName = SampleProjectTests;
			productReference = F968D97529E1DF1700E869FF /* SampleProjectTests.xctest */;
			productType = "com.apple.product-type.bundle.unit-test";
		};
		F968D97E29E1DF1700E869FF /* SampleProjectUITests */ = {
			isa = PBXNativeTarget;
			buildConfigurationList = F968D98F29E1DF1700E869FF /* Build configuration list for PBXNativeTarget "SampleProjectUITests" */;
			buildPhases = (
				F968D97B29E1DF1700E869FF /* Sources */,
				F968D97C29E1DF1700E869FF /* Frameworks */,
				F968D97D29E1DF1700E869FF /* Resources */,
			);
			buildRules = (
			);
			dependencies = (
				F968D98129E1DF1700E869FF /* PBXTargetDependency */,
			);
			name = SampleProjectUITests;
			productName = SampleProjectUITests;
			productReference = F968D97F29E1DF1700E869FF /* SampleProjectUITests.xctest */;
			productType = "com.apple.product-type.bundle.ui-testing";
		};
/* End PBXNativeTarget section */

/* Begin PBXProject section */
		F968D95D29E1DF1600E869FF /* Project object */ = {
			isa = PBXProject;
			attributes = {
				BuildIndependentTargetsInParallel = 1;
				LastSwiftUpdateCheck = 1420;
				LastUpgradeCheck = 1420;
				TargetAttributes = {
					F968D96429E1DF1600E869FF = {
						CreatedOnToolsVersion = 14.2;
					};
					F968D97429E1DF1700E869FF = {
						CreatedOnToolsVersion = 14.2;
						TestTargetID = F968D96429E1DF1600E869FF;
					};
					F968D97E29E1DF1700E869FF = {
						CreatedOnToolsVersion = 14.2;
						TestTargetID = F968D96429E1DF1600E869FF;
					};
				};
			};
			buildConfigurationList = F968D96029E1DF1600E869FF /* Build configuration list for PBXProject "SampleProject" */;
			compatibilityVersion = "Xcode 14.0";
			developmentRegion = en;
			hasScannedForEncodings = 0;
			knownRegions = (
				en,
				Base,
			);
			mainGroup = F968D95C29E1DF1600E869FF;
			productRefGroup = F968D96629E1DF1600E869FF /* Products */;
			projectDirPath = "";
			projectRoot = "";
			targets = (
				F968D96429E1DF1600E869FF /* SampleProject */,
				F968D97429E1DF1700E869FF /* SampleProjectTests */,
				F968D97E29E1DF1700E869FF /* SampleProjectUITests */,
			);
		};
/* End PBXProject section */

/* Begin PBXResourcesBuildPhase section */
		F968D96329E1DF1600E869FF /* Resources */ = {
			isa = PBXResourcesBuildPhase;
			buildActionMask = 2147483647;
			files = (
				F968D97029E1DF1700E869FF /* Preview Assets.xcassets in Resources */,
				F968D96D29E1DF1700E869FF /* Assets.xcassets in Resources */,
			);
			runOnlyForDeploymentPostprocessing = 0;
		};
		F968D97329E1DF1700E869FF /* Resources */ = {
			isa = PBXResourcesBuildPhase;
			buildActionMask = 2147483647;
			files = (
			);
			runOnlyForDeploymentPostprocessing = 0;
		};
		F968D97D29E1DF1700E869FF /* Resources */ = {
			isa = PBXResourcesBuildPhase;
			buildActionMask = 2147483647;
			files = (
			);
			runOnlyForDeploymentPostprocessing = 0;
		};
/* End PBXResourcesBuildPhase section */

/* Begin PBXSourcesBuildPhase section */
		F968D96129E1DF1600E869FF /* Sources */ = {
			isa = PBXSourcesBuildPhase;
			buildActionMask = 2147483647;
			files = (
				F968D96B29E1DF1600E869FF /* ContentView.swift in Sources */,
				F968D96929E1DF1600E869FF /* SampleProjectApp.swift in Sources */,
				F968D99529E1E1B400E869FF /* ViewModel.swift in Sources */,
				F968D99329E1DF8F00E869FF /* DataModel.swift in Sources */,
				F968D99729E1E25A00E869FF /* NetworkProvider.swift in Sources */,
			);
			runOnlyForDeploymentPostprocessing = 0;
		};
		F968D97129E1DF1700E869FF /* Sources */ = {
			isa = PBXSourcesBuildPhase;
			buildActionMask = 2147483647;
			files = (
				F968D97A29E1DF1700E869FF /* SampleProjectTests.swift in Sources */,
			);
			runOnlyForDeploymentPostprocessing = 0;
		};
		F968D97B29E1DF1700E869FF /* Sources */ = {
			isa = PBXSourcesBuildPhase;
			buildActionMask = 2147483647;
			files = (
				F968D98629E1DF1700E869FF /* SampleProjectUITestsLaunchTests.swift in Sources */,
				F968D98429E1DF1700E869FF /* SampleProjectUITests.swift in Sources */,
			);
			runOnlyForDeploymentPostprocessing = 0;
		};
/* End PBXSourcesBuildPhase section */

/* Begin PBXTargetDependency section */
		F968D97729E1DF1700E869FF /* PBXTargetDependency */ = {
			isa = PBXTargetDependency;
			target = F968D96429E1DF1600E869FF /* SampleProject */;
			targetProxy = F968D97629E1DF1700E869FF /* PBXContainerItemProxy */;
		};
		F968D98129E1DF1700E869FF /* PBXTargetDependency */ = {
			isa = PBXTargetDependency;
			target = F968D96429E1DF1600E869FF /* SampleProject */;
			targetProxy = F968D98029E1DF1700E869FF /* PBXContainerItemProxy */;
		};
/* End PBXTargetDependency section */

/* Begin XCBuildConfiguration section */
		F968D98729E1DF1700E869FF /* Debug */ = {
			isa = XCBuildConfiguration;
			buildSettings = {
				ALWAYS_SEARCH_USER_PATHS = NO;
				CLANG_ANALYZER_NONNULL = YES;
				CLANG_ANALYZER_NUMBER_OBJECT_CONVERSION = YES_AGGRESSIVE;
				CLANG_CXX_LANGUAGE_STANDARD = "gnu++20";
				CLANG_ENABLE_MODULES = YES;
				CLANG_ENABLE_OBJC_ARC = YES;
				CLANG_ENABLE_OBJC_WEAK = YES;
				CLANG_WARN_BLOCK_CAPTURE_AUTORELEASING = YES;
				CLANG_WARN_BOOL_CONVERSION = YES;
				CLANG_WARN_COMMA = YES;
				CLANG_WARN_CONSTANT_CONVERSION = YES;
				CLANG_WARN_DEPRECATED_OBJC_IMPLEMENTATIONS = YES;
				CLANG_WARN_DIRECT_OBJC_ISA_USAGE = YES_ERROR;
				CLANG_WARN_DOCUMENTATION_COMMENTS = YES;
				CLANG_WARN_EMPTY_BODY = YES;
				CLANG_WARN_ENUM_CONVERSION = YES;
				CLANG_WARN_INFINITE_RECURSION = YES;
				CLANG_WARN_INT_CONVERSION = YES;
				CLANG_WARN_NON_LITERAL_NULL_CONVERSION = YES;
				CLANG_WARN_OBJC_IMPLICIT_RETAIN_SELF = YES;
				CLANG_WARN_OBJC_LITERAL_CONVERSION = YES;
				CLANG_WARN_OBJC_ROOT_CLASS = YES_ERROR;
				CLANG_WARN_QUOTED_INCLUDE_IN_FRAMEWORK_HEADER = YES;
				CLANG_WARN_RANGE_LOOP_ANALYSIS = YES;
				CLANG_WARN_STRICT_PROTOTYPES = YES;
				CLANG_WARN_SUSPICIOUS_MOVE = YES;
				CLANG_WARN_UNGUARDED_AVAILABILITY = YES_AGGRESSIVE;
				CLANG_WARN_UNREACHABLE_CODE = YES;
				CLANG_WARN__DUPLICATE_METHOD_MATCH = YES;
				COPY_PHASE_STRIP = NO;
				DEBUG_INFORMATION_FORMAT = dwarf;
				ENABLE_STRICT_OBJC_MSGSEND = YES;
				ENABLE_TESTABILITY = YES;
				GCC_C_LANGUAGE_STANDARD = gnu11;
				GCC_DYNAMIC_NO_PIC = NO;
				GCC_NO_COMMON_BLOCKS = YES;
				GCC_OPTIMIZATION_LEVEL = 0;
				GCC_PREPROCESSOR_DEFINITIONS = (
					"DEBUG=1",
					"$(inherited)",
				);
				GCC_WARN_64_TO_32_BIT_CONVERSION = YES;
				GCC_WARN_ABOUT_RETURN_TYPE = YES_ERROR;
				GCC_WARN_UNDECLARED_SELECTOR = YES;
				GCC_WARN_UNINITIALIZED_AUTOS = YES_AGGRESSIVE;
				GCC_WARN_UNUSED_FUNCTION = YES;
				GCC_WARN_UNUSED_VARIABLE = YES;
				IPHONEOS_DEPLOYMENT_TARGET = 16.2;
				MTL_ENABLE_DEBUG_INFO = INCLUDE_SOURCE;
				MTL_FAST_MATH = YES;
				ONLY_ACTIVE_ARCH = YES;
				SDKROOT = iphoneos;
				SWIFT_ACTIVE_COMPILATION_CONDITIONS = DEBUG;
				SWIFT_OPTIMIZATION_LEVEL = "-Onone";
			};
			name = Debug;
		};
		F968D98829E1DF1700E869FF /* Release */ = {
			isa = XCBuildConfiguration;
			buildSettings = {
				ALWAYS_SEARCH_USER_PATHS = NO;
				CLANG_ANALYZER_NONNULL = YES;
				CLANG_ANALYZER_NUMBER_OBJECT_CONVERSION = YES_AGGRESSIVE;
				CLANG_CXX_LANGUAGE_STANDARD = "gnu++20";
				CLANG_ENABLE_MODULES = YES;
				CLANG_ENABLE_OBJC_ARC = YES;
				CLANG_ENABLE_OBJC_WEAK = YES;
				CLANG_WARN_BLOCK_CAPTURE_AUTORELEASING = YES;
				CLANG_WARN_BOOL_CONVERSION = YES;
				CLANG_WARN_COMMA = YES;
				CLANG_WARN_CONSTANT_CONVERSION = YES;
				CLANG_WARN_DEPRECATED_OBJC_IMPLEMENTATIONS = YES;
				CLANG_WARN_DIRECT_OBJC_ISA_USAGE = YES_ERROR;
				CLANG_WARN_DOCUMENTATION_COMMENTS = YES;
				CLANG_WARN_EMPTY_BODY = YES;
				CLANG_WARN_ENUM_CONVERSION = YES;
				CLANG_WARN_INFINITE_RECURSION = YES;
				CLANG_WARN_INT_CONVERSION = YES;
				CLANG_WARN_NON_LITERAL_NULL_CONVERSION = YES;
				CLANG_WARN_OBJC_IMPLICIT_RETAIN_SELF = YES;
				CLANG_WARN_OBJC_LITERAL_CONVERSION = YES;
				CLANG_WARN_OBJC_ROOT_CLASS = YES_ERROR;
				CLANG_WARN_QUOTED_INCLUDE_IN_FRAMEWORK_HEADER = YES;
				CLANG_WARN_RANGE_LOOP_ANALYSIS = YES;
				CLANG_WARN_STRICT_PROTOTYPES = YES;
				CLANG_WARN_SUSPICIOUS_MOVE = YES;
				CLANG_WARN_UNGUARDED_AVAILABILITY = YES_AGGRESSIVE;
				CLANG_WARN_UNREACHABLE_CODE = YES;
				CLANG_WARN__DUPLICATE_METHOD_MATCH = YES;
				COPY_PHASE_STRIP = NO;
				DEBUG_INFORMATION_FORMAT = "dwarf-with-dsym";
				ENABLE_NS_ASSERTIONS = NO;
				ENABLE_STRICT_OBJC_MSGSEND = YES;
				GCC_C_LANGUAGE_STANDARD = gnu11;
				GCC_NO_COMMON_BLOCKS = YES;
				GCC_WARN_64_TO_32_BIT_CONVERSION = YES;
				GCC_WARN_ABOUT_RETURN_TYPE = YES_ERROR;
				GCC_WARN_UNDECLARED_SELECTOR = YES;
				GCC_WARN_UNINITIALIZED_AUTOS = YES_AGGRESSIVE;
				GCC_WARN_UNUSED_FUNCTION = YES;
				GCC_WARN_UNUSED_VARIABLE = YES;
				IPHONEOS_DEPLOYMENT_TARGET = 16.2;
				MTL_ENABLE_DEBUG_INFO = NO;
				MTL_FAST_MATH = YES;
				SDKROOT = iphoneos;
				SWIFT_COMPILATION_MODE = wholemodule;
				SWIFT_OPTIMIZATION_LEVEL = "-O";
				VALIDATE_PRODUCT = YES;
			};
			name = Release;
		};
		F968D98A29E1DF1700E869FF /* Debug */ = {
			isa = XCBuildConfiguration;
			buildSettings = {
				ASSETCATALOG_COMPILER_APPICON_NAME = AppIcon;
				ASSETCATALOG_COMPILER_GLOBAL_ACCENT_COLOR_NAME = AccentColor;
				CODE_SIGN_STYLE = Automatic;
				CURRENT_PROJECT_VERSION = 1;
				DEVELOPMENT_ASSET_PATHS = "\"SampleProject/Preview Content\"";
				DEVELOPMENT_TEAM = QFBB64MH66;
				ENABLE_PREVIEWS = YES;
				GENERATE_INFOPLIST_FILE = YES;
				INFOPLIST_KEY_UIApplicationSceneManifest_Generation = YES;
				INFOPLIST_KEY_UIApplicationSupportsIndirectInputEvents = YES;
				INFOPLIST_KEY_UILaunchScreen_Generation = YES;
				INFOPLIST_KEY_UISupportedInterfaceOrientations_iPad = "UIInterfaceOrientationPortrait UIInterfaceOrientationPortraitUpsideDown UIInterfaceOrientationLandscapeLeft UIInterfaceOrientationLandscapeRight";
				INFOPLIST_KEY_UISupportedInterfaceOrientations_iPhone = "UIInterfaceOrientationPortrait UIInterfaceOrientationLandscapeLeft UIInterfaceOrientationLandscapeRight";
				LD_RUNPATH_SEARCH_PATHS = (
					"$(inherited)",
					"@executable_path/Frameworks",
				);
				MARKETING_VERSION = 1.0;
				PRODUCT_BUNDLE_IDENTIFIER = com.gitaeklee.SampleProject;
				PRODUCT_NAME = "$(TARGET_NAME)";
				SWIFT_EMIT_LOC_STRINGS = YES;
				SWIFT_VERSION = 5.0;
				TARGETED_DEVICE_FAMILY = "1,2";
			};
			name = Debug;
		};
		F968D98B29E1DF1700E869FF /* Release */ = {
			isa = XCBuildConfiguration;
			buildSettings = {
				ASSETCATALOG_COMPILER_APPICON_NAME = AppIcon;
				ASSETCATALOG_COMPILER_GLOBAL_ACCENT_COLOR_NAME = AccentColor;
				CODE_SIGN_STYLE = Automatic;
				CURRENT_PROJECT_VERSION = 1;
				DEVELOPMENT_ASSET_PATHS = "\"SampleProject/Preview Content\"";
				DEVELOPMENT_TEAM = QFBB64MH66;
				ENABLE_PREVIEWS = YES;
				GENERATE_INFOPLIST_FILE = YES;
				INFOPLIST_KEY_UIApplicationSceneManifest_Generation = YES;
				INFOPLIST_KEY_UIApplicationSupportsIndirectInputEvents = YES;
				INFOPLIST_KEY_UILaunchScreen_Generation = YES;
				INFOPLIST_KEY_UISupportedInterfaceOrientations_iPad = "UIInterfaceOrientationPortrait UIInterfaceOrientationPortraitUpsideDown UIInterfaceOrientationLandscapeLeft UIInterfaceOrientationLandscapeRight";
				INFOPLIST_KEY_UISupportedInterfaceOrientations_iPhone = "UIInterfaceOrientationPortrait UIInterfaceOrientationLandscapeLeft UIInterfaceOrientationLandscapeRight";
				LD_RUNPATH_SEARCH_PATHS = (
					"$(inherited)",
					"@executable_path/Frameworks",
				);
				MARKETING_VERSION = 1.0;
				PRODUCT_BUNDLE_IDENTIFIER = com.gitaeklee.SampleProject;
				PRODUCT_NAME = "$(TARGET_NAME)";
				SWIFT_EMIT_LOC_STRINGS = YES;
				SWIFT_VERSION = 5.0;
				TARGETED_DEVICE_FAMILY = "1,2";
			};
			name = Release;
		};
		F968D98D29E1DF1700E869FF /* Debug */ = {
			isa = XCBuildConfiguration;
			buildSettings = {
				ALWAYS_EMBED_SWIFT_STANDARD_LIBRARIES = YES;
				BUNDLE_LOADER = "$(TEST_HOST)";
				CODE_SIGN_STYLE = Automatic;
				CURRENT_PROJECT_VERSION = 1;
				DEVELOPMENT_TEAM = QFBB64MH66;
				GENERATE_INFOPLIST_FILE = YES;
				IPHONEOS_DEPLOYMENT_TARGET = 16.2;
				MARKETING_VERSION = 1.0;
				PRODUCT_BUNDLE_IDENTIFIER = com.gitaeklee.SampleProjectTests;
				PRODUCT_NAME = "$(TARGET_NAME)";
				SWIFT_EMIT_LOC_STRINGS = NO;
				SWIFT_VERSION = 5.0;
				TARGETED_DEVICE_FAMILY = "1,2";
				TEST_HOST = "$(BUILT_PRODUCTS_DIR)/SampleProject.app/$(BUNDLE_EXECUTABLE_FOLDER_PATH)/SampleProject";
			};
			name = Debug;
		};
		F968D98E29E1DF1700E869FF /* Release */ = {
			isa = XCBuildConfiguration;
			buildSettings = {
				ALWAYS_EMBED_SWIFT_STANDARD_LIBRARIES = YES;
				BUNDLE_LOADER = "$(TEST_HOST)";
				CODE_SIGN_STYLE = Automatic;
				CURRENT_PROJECT_VERSION = 1;
				DEVELOPMENT_TEAM = QFBB64MH66;
				GENERATE_INFOPLIST_FILE = YES;
				IPHONEOS_DEPLOYMENT_TARGET = 16.2;
				MARKETING_VERSION = 1.0;
				PRODUCT_BUNDLE_IDENTIFIER = com.gitaeklee.SampleProjectTests;
				PRODUCT_NAME = "$(TARGET_NAME)";
				SWIFT_EMIT_LOC_STRINGS = NO;
				SWIFT_VERSION = 5.0;
				TARGETED_DEVICE_FAMILY = "1,2";
				TEST_HOST = "$(BUILT_PRODUCTS_DIR)/SampleProject.app/$(BUNDLE_EXECUTABLE_FOLDER_PATH)/SampleProject";
			};
			name = Release;
		};
		F968D99029E1DF1700E869FF /* Debug */ = {
			isa = XCBuildConfiguration;
			buildSettings = {
				ALWAYS_EMBED_SWIFT_STANDARD_LIBRARIES = YES;
				CODE_SIGN_STYLE = Automatic;
				CURRENT_PROJECT_VERSION = 1;
				DEVELOPMENT_TEAM = QFBB64MH66;
				GENERATE_INFOPLIST_FILE = YES;
				MARKETING_VERSION = 1.0;
				PRODUCT_BUNDLE_IDENTIFIER = com.gitaeklee.SampleProjectUITests;
				PRODUCT_NAME = "$(TARGET_NAME)";
				SWIFT_EMIT_LOC_STRINGS = NO;
				SWIFT_VERSION = 5.0;
				TARGETED_DEVICE_FAMILY = "1,2";
				TEST_TARGET_NAME = SampleProject;
			};
			name = Debug;
		};
		F968D99129E1DF1700E869FF /* Release */ = {
			isa = XCBuildConfiguration;
			buildSettings = {
				ALWAYS_EMBED_SWIFT_STANDARD_LIBRARIES = YES;
				CODE_SIGN_STYLE = Automatic;
				CURRENT_PROJECT_VERSION = 1;
				DEVELOPMENT_TEAM = QFBB64MH66;
				GENERATE_INFOPLIST_FILE = YES;
				MARKETING_VERSION = 1.0;
				PRODUCT_BUNDLE_IDENTIFIER = com.gitaeklee.SampleProjectUITests;
				PRODUCT_NAME = "$(TARGET_NAME)";
				SWIFT_EMIT_LOC_STRINGS = NO;
				SWIFT_VERSION = 5.0;
				TARGETED_DEVICE_FAMILY = "1,2";
				TEST_TARGET_NAME = SampleProject;
			};
			name = Release;
		};
/* End XCBuildConfiguration section */

/* Begin XCConfigurationList section */
		F968D96029E1DF1600E869FF /* Build configuration list for PBXProject "SampleProject" */ = {
			isa = XCConfigurationList;
			buildConfigurations = (
				F968D98729E1DF1700E869FF /* Debug */,
				F968D98829E1DF1700E869FF /* Release */,
			);
			defaultConfigurationIsVisible = 0;
			defaultConfigurationName = Release;
		};
		F968D98929E1DF1700E869FF /* Build configuration list for PBXNativeTarget "SampleProject" */ = {
			isa = XCConfigurationList;
			buildConfigurations = (
				F968D98A29E1DF1700E869FF /* Debug */,
				F968D98B29E1DF1700E869FF /* Release */,
			);
			defaultConfigurationIsVisible = 0;
			defaultConfigurationName = Release;
		};
		F968D98C29E1DF1700E869FF /* Build configuration list for PBXNativeTarget "SampleProjectTests" */ = {
			isa = XCConfigurationList;
			buildConfigurations = (
				F968D98D29E1DF1700E869FF /* Debug */,
				F968D98E29E1DF1700E869FF /* Release */,
			);
			defaultConfigurationIsVisible = 0;
			defaultConfigurationName = Release;
		};
		F968D98F29E1DF1700E869FF /* Build configuration list for PBXNativeTarget "SampleProjectUITests" */ = {
			isa = XCConfigurationList;
			buildConfigurations = (
				F968D99029E1DF1700E869FF /* Debug */,
				F968D99129E1DF1700E869FF /* Release */,
			);
			defaultConfigurationIsVisible = 0;
			defaultConfigurationName = Release;
		};
/* End XCConfigurationList section */
	};
	rootObject = F968D95D29E1DF1600E869FF /* Project object */;
}
